
Microsoft Visual Studio Solution File, Format Version 12.00
# Visual Studio Version 17
VisualStudioVersion = 17.0.31903.59
MinimumVisualStudioVersion = 10.0.40219.1
Project("{2150E333-8FDC-42A3-9474-1A3956D46DE8}") = "src", "src", "{4783EF82-3B46-4769-8368-2C2ED22579D3}"
EndProject
Project("{F2A71F9B-5D33-465A-A702-920D77279786}") = "Blasigt.Console", "src\Blasigt.Console\Blasigt.Console.fsproj", "{831328D7-CD67-4A3D-98DA-8D4C8208162B}"
EndProject
Project("{F2A71F9B-5D33-465A-A702-920D77279786}") = "Blasigt.Library", "src\Blasigt.Library\Blasigt.Library.fsproj", "{FDF9A90C-0F3B-43B0-9A85-A8902241189E}"
EndProject
Global
	GlobalSection(SolutionConfigurationPlatforms) = preSolution
		Debug|Any CPU = Debug|Any CPU
		Release|Any CPU = Release|Any CPU
	EndGlobalSection
	GlobalSection(SolutionProperties) = preSolution
		HideSolutionNode = FALSE
	EndGlobalSection
	GlobalSection(ProjectConfigurationPlatforms) = postSolution
		{831328D7-CD67-4A3D-98DA-8D4C8208162B}.Debug|Any CPU.ActiveCfg = Debug|Any CPU
		{831328D7-CD67-4A3D-98DA-8D4C8208162B}.Debug|Any CPU.Build.0 = Debug|Any CPU
		{831328D7-CD67-4A3D-98DA-8D4C8208162B}.Release|Any CPU.ActiveCfg = Release|Any CPU
		{831328D7-CD67-4A3D-98DA-8D4C8208162B}.Release|Any CPU.Build.0 = Release|Any CPU
		{FDF9A90C-0F3B-43B0-9A85-A8902241189E}.Debug|Any CPU.ActiveCfg = Debug|Any CPU
		{FDF9A90C-0F3B-43B0-9A85-A8902241189E}.Debug|Any CPU.Build.0 = Debug|Any CPU
		{FDF9A90C-0F3B-43B0-9A85-A8902241189E}.Release|Any CPU.ActiveCfg = Release|Any CPU
		{FDF9A90C-0F3B-43B0-9A85-A8902241189E}.Release|Any CPU.Build.0 = Release|Any CPU
	EndGlobalSection
	GlobalSection(NestedProjects) = preSolution
		{831328D7-CD67-4A3D-98DA-8D4C8208162B} = {4783EF82-3B46-4769-8368-2C2ED22579D3}
		{FDF9A90C-0F3B-43B0-9A85-A8902241189E} = {4783EF82-3B46-4769-8368-2C2ED22579D3}
	EndGlobalSection
EndGlobal
